
Microsoft Visual Studio Solution File, Format Version 12.00
# Visual Studio Version 17
VisualStudioVersion = 17.4.33103.184
MinimumVisualStudioVersion = 10.0.40219.1
Project("{FAE04EC0-301F-11D3-BF4B-00C04F79EFBC}") = "secretManagerExample", "secretManagerExample\secretManagerExample.csproj", "{4C2E8A33-429D-4B44-A6E0-8FA2FBD3E3ED}"
EndProject
Global
	GlobalSection(SolutionConfigurationPlatforms) = preSolution
		Debug|Any CPU = Debug|Any CPU
		Release|Any CPU = Release|Any CPU
	EndGlobalSection
	GlobalSection(ProjectConfigurationPlatforms) = postSolution
		{4C2E8A33-429D-4B44-A6E0-8FA2FBD3E3ED}.Debug|Any CPU.ActiveCfg = Debug|Any CPU
		{4C2E8A33-429D-4B44-A6E0-8FA2FBD3E3ED}.Debug|Any CPU.Build.0 = Debug|Any CPU
		{4C2E8A33-429D-4B44-A6E0-8FA2FBD3E3ED}.Release|Any CPU.ActiveCfg = Release|Any CPU
		{4C2E8A33-429D-4B44-A6E0-8FA2FBD3E3ED}.Release|Any CPU.Build.0 = Release|Any CPU
	EndGlobalSection
	GlobalSection(SolutionProperties) = preSolution
		HideSolutionNode = FALSE
	EndGlobalSection
	GlobalSection(ExtensibilityGlobals) = postSolution
		SolutionGuid = {911CBC12-1AA4-4849-A852-3CF8A9FD63F6}
	EndGlobalSection
EndGlobal
